
Microsoft Visual Studio Solution File, Format Version 12.00
# Visual Studio Version 16
VisualStudioVersion = 16.0.31702.278
MinimumVisualStudioVersion = 10.0.40219.1
Project("{FAE04EC0-301F-11D3-BF4B-00C04F79EFBC}") = "BlueCodeTest", "BlueCodeTest\BlueCodeTest.csproj", "{527305C3-A81E-4652-B314-A2CA35DA59A9}"
EndProject
Project("{FAE04EC0-301F-11D3-BF4B-00C04F79EFBC}") = "DataLayer", "DataLayer\DataLayer.csproj", "{74D81281-68C7-4C20-BC9C-D14C73F8622E}"
EndProject
Project("{FAE04EC0-301F-11D3-BF4B-00C04F79EFBC}") = "ServiceLayer", "ServiceLayer\ServiceLayer.csproj", "{CE69727C-DA97-43C3-894E-D706C6819C6A}"
EndProject
Project("{FAE04EC0-301F-11D3-BF4B-00C04F79EFBC}") = "Core", "Core\Core.csproj", "{5482B9AA-0938-49B6-ADD6-9E87D6BAAB16}"
EndProject
Project("{FAE04EC0-301F-11D3-BF4B-00C04F79EFBC}") = "UnitTests", "UnitTests\UnitTests.csproj", "{2A47E870-124C-402D-A63C-777E149CEB55}"
EndProject
Global
	GlobalSection(SolutionConfigurationPlatforms) = preSolution
		Debug|Any CPU = Debug|Any CPU
		Release|Any CPU = Release|Any CPU
	EndGlobalSection
	GlobalSection(ProjectConfigurationPlatforms) = postSolution
		{527305C3-A81E-4652-B314-A2CA35DA59A9}.Debug|Any CPU.ActiveCfg = Debug|Any CPU
		{527305C3-A81E-4652-B314-A2CA35DA59A9}.Debug|Any CPU.Build.0 = Debug|Any CPU
		{527305C3-A81E-4652-B314-A2CA35DA59A9}.Release|Any CPU.ActiveCfg = Release|Any CPU
		{527305C3-A81E-4652-B314-A2CA35DA59A9}.Release|Any CPU.Build.0 = Release|Any CPU
		{74D81281-68C7-4C20-BC9C-D14C73F8622E}.Debug|Any CPU.ActiveCfg = Debug|Any CPU
		{74D81281-68C7-4C20-BC9C-D14C73F8622E}.Debug|Any CPU.Build.0 = Debug|Any CPU
		{74D81281-68C7-4C20-BC9C-D14C73F8622E}.Release|Any CPU.ActiveCfg = Release|Any CPU
		{74D81281-68C7-4C20-BC9C-D14C73F8622E}.Release|Any CPU.Build.0 = Release|Any CPU
		{CE69727C-DA97-43C3-894E-D706C6819C6A}.Debug|Any CPU.ActiveCfg = Debug|Any CPU
		{CE69727C-DA97-43C3-894E-D706C6819C6A}.Debug|Any CPU.Build.0 = Debug|Any CPU
		{CE69727C-DA97-43C3-894E-D706C6819C6A}.Release|Any CPU.ActiveCfg = Release|Any CPU
		{CE69727C-DA97-43C3-894E-D706C6819C6A}.Release|Any CPU.Build.0 = Release|Any CPU
		{5482B9AA-0938-49B6-ADD6-9E87D6BAAB16}.Debug|Any CPU.ActiveCfg = Debug|Any CPU
		{5482B9AA-0938-49B6-ADD6-9E87D6BAAB16}.Debug|Any CPU.Build.0 = Debug|Any CPU
		{5482B9AA-0938-49B6-ADD6-9E87D6BAAB16}.Release|Any CPU.ActiveCfg = Release|Any CPU
		{5482B9AA-0938-49B6-ADD6-9E87D6BAAB16}.Release|Any CPU.Build.0 = Release|Any CPU
		{2A47E870-124C-402D-A63C-777E149CEB55}.Debug|Any CPU.ActiveCfg = Debug|Any CPU
		{2A47E870-124C-402D-A63C-777E149CEB55}.Debug|Any CPU.Build.0 = Debug|Any CPU
		{2A47E870-124C-402D-A63C-777E149CEB55}.Release|Any CPU.ActiveCfg = Release|Any CPU
		{2A47E870-124C-402D-A63C-777E149CEB55}.Release|Any CPU.Build.0 = Release|Any CPU
	EndGlobalSection
	GlobalSection(SolutionProperties) = preSolution
		HideSolutionNode = FALSE
	EndGlobalSection
	GlobalSection(ExtensibilityGlobals) = postSolution
		SolutionGuid = {6995BD38-3DC1-4185-BC26-5BBC73054609}
	EndGlobalSection
EndGlobal
